
Microsoft Visual Studio Solution File, Format Version 12.00
# Visual Studio 2013
Project("{FAE04EC0-301F-11D3-BF4B-00C04F79EFBC}") = "UnityVS.ZombieProject.CSharp", "UnityVS.ZombieProject.CSharp.csproj", "{4E4BAB67-2F2E-5754-A183-90FCCDE3FE1B}"
EndProject
Global
	GlobalSection(SolutionConfigurationPlatforms) = preSolution
		Debug|Any CPU = Debug|Any CPU
		Release|Any CPU = Release|Any CPU
	EndGlobalSection
	GlobalSection(ProjectConfigurationPlatforms) = postSolution
		{4E4BAB67-2F2E-5754-A183-90FCCDE3FE1B}.Debug|Any CPU.ActiveCfg = Debug|Any CPU
		{4E4BAB67-2F2E-5754-A183-90FCCDE3FE1B}.Debug|Any CPU.Build.0 = Debug|Any CPU
		{4E4BAB67-2F2E-5754-A183-90FCCDE3FE1B}.Release|Any CPU.ActiveCfg = Release|Any CPU
		{4E4BAB67-2F2E-5754-A183-90FCCDE3FE1B}.Release|Any CPU.Build.0 = Release|Any CPU
	EndGlobalSection
	GlobalSection(SolutionProperties) = preSolution
		HideSolutionNode = FALSE
	EndGlobalSection
EndGlobal
